// !$*UTF8*$!
{
	archiveVersion = 1;
	classes = {
	};
	objectVersion = 46;
	objects = {

/* Begin PBXBuildFile section */
		281DF7381C9C51C300C942A4 /* CoreDataStackManager.swift in Sources */ = {isa = PBXBuildFile; fileRef = 281DF7371C9C51C300C942A4 /* CoreDataStackManager.swift */; };
		28AFFC171C9DF199009C1F6C /* Main.storyboard in Resources */ = {isa = PBXBuildFile; fileRef = 28AFFC161C9DF199009C1F6C /* Main.storyboard */; };
		28B98EED1B110F90003A9B73 /* AppDelegate.swift in Sources */ = {isa = PBXBuildFile; fileRef = 28B98EEC1B110F90003A9B73 /* AppDelegate.swift */; };
		28B98EEF1B110F90003A9B73 /* MemeEditorViewController.swift in Sources */ = {isa = PBXBuildFile; fileRef = 28B98EEE1B110F90003A9B73 /* MemeEditorViewController.swift */; };
		28B98EF41B110F90003A9B73 /* Images.xcassets in Resources */ = {isa = PBXBuildFile; fileRef = 28B98EF31B110F90003A9B73 /* Images.xcassets */; };
		28B98EF71B110F90003A9B73 /* LaunchScreen.xib in Resources */ = {isa = PBXBuildFile; fileRef = 28B98EF51B110F90003A9B73 /* LaunchScreen.xib */; };
		28B98F031B110F90003A9B73 /* MemeMeTests.swift in Sources */ = {isa = PBXBuildFile; fileRef = 28B98F021B110F90003A9B73 /* MemeMeTests.swift */; };
		28B98F0D1B11286D003A9B73 /* Meme.swift in Sources */ = {isa = PBXBuildFile; fileRef = 28B98F0C1B11286D003A9B73 /* Meme.swift */; };
		28B98F141B12691C003A9B73 /* MemesTableViewController.swift in Sources */ = {isa = PBXBuildFile; fileRef = 28B98F131B12691C003A9B73 /* MemesTableViewController.swift */; };
		28B98F161B12903C003A9B73 /* MemesCollectionViewController.swift in Sources */ = {isa = PBXBuildFile; fileRef = 28B98F151B12903C003A9B73 /* MemesCollectionViewController.swift */; };
		28B98F181B12A499003A9B73 /* MemeCollectionViewCell.swift in Sources */ = {isa = PBXBuildFile; fileRef = 28B98F171B12A499003A9B73 /* MemeCollectionViewCell.swift */; };
		28B98F1A1B12B922003A9B73 /* MemeDetailViewController.swift in Sources */ = {isa = PBXBuildFile; fileRef = 28B98F191B12B922003A9B73 /* MemeDetailViewController.swift */; };
		28FB70821C9C43FC0061870E /* MemeMe.xcdatamodeld in Sources */ = {isa = PBXBuildFile; fileRef = 28FB70801C9C43FC0061870E /* MemeMe.xcdatamodeld */; };
		28FB70841C9C45810061870E /* ImageCache.swift in Sources */ = {isa = PBXBuildFile; fileRef = 28FB70831C9C45810061870E /* ImageCache.swift */; };
/* End PBXBuildFile section */

/* Begin PBXContainerItemProxy section */
		28B98EFD1B110F90003A9B73 /* PBXContainerItemProxy */ = {
			isa = PBXContainerItemProxy;
			containerPortal = 28B98EDF1B110F90003A9B73 /* Project object */;
			proxyType = 1;
			remoteGlobalIDString = 28B98EE61B110F90003A9B73;
			remoteInfo = MemeMe;
		};
/* End PBXContainerItemProxy section */

/* Begin PBXFileReference section */
		281DF7371C9C51C300C942A4 /* CoreDataStackManager.swift */ = {isa = PBXFileReference; fileEncoding = 4; lastKnownFileType = sourcecode.swift; path = CoreDataStackManager.swift; sourceTree = "<group>"; };
		28AFFC161C9DF199009C1F6C /* Main.storyboard */ = {isa = PBXFileReference; fileEncoding = 4; lastKnownFileType = file.storyboard; path = Main.storyboard; sourceTree = "<group>"; };
		28B98EE71B110F90003A9B73 /* MemeMe.app */ = {isa = PBXFileReference; explicitFileType = wrapper.application; includeInIndex = 0; path = MemeMe.app; sourceTree = BUILT_PRODUCTS_DIR; };
		28B98EEB1B110F90003A9B73 /* Info.plist */ = {isa = PBXFileReference; lastKnownFileType = text.plist.xml; path = Info.plist; sourceTree = "<group>"; };
		28B98EEC1B110F90003A9B73 /* AppDelegate.swift */ = {isa = PBXFileReference; lastKnownFileType = sourcecode.swift; path = AppDelegate.swift; sourceTree = "<group>"; };
		28B98EEE1B110F90003A9B73 /* MemeEditorViewController.swift */ = {isa = PBXFileReference; lastKnownFileType = sourcecode.swift; path = MemeEditorViewController.swift; sourceTree = "<group>"; };
		28B98EF31B110F90003A9B73 /* Images.xcassets */ = {isa = PBXFileReference; lastKnownFileType = folder.assetcatalog; path = Images.xcassets; sourceTree = "<group>"; };
		28B98EF61B110F90003A9B73 /* Base */ = {isa = PBXFileReference; lastKnownFileType = file.xib; name = Base; path = Base.lproj/LaunchScreen.xib; sourceTree = "<group>"; };
		28B98EFC1B110F90003A9B73 /* MemeMe.xctest */ = {isa = PBXFileReference; explicitFileType = wrapper.cfbundle; includeInIndex = 0; path = MemeMe.xctest; sourceTree = BUILT_PRODUCTS_DIR; };
		28B98F011B110F90003A9B73 /* Info.plist */ = {isa = PBXFileReference; lastKnownFileType = text.plist.xml; path = Info.plist; sourceTree = "<group>"; };
		28B98F021B110F90003A9B73 /* MemeMeTests.swift */ = {isa = PBXFileReference; lastKnownFileType = sourcecode.swift; path = MemeMeTests.swift; sourceTree = "<group>"; };
		28B98F0C1B11286D003A9B73 /* Meme.swift */ = {isa = PBXFileReference; fileEncoding = 4; lastKnownFileType = sourcecode.swift; path = Meme.swift; sourceTree = "<group>"; };
		28B98F131B12691C003A9B73 /* MemesTableViewController.swift */ = {isa = PBXFileReference; fileEncoding = 4; lastKnownFileType = sourcecode.swift; path = MemesTableViewController.swift; sourceTree = "<group>"; };
		28B98F151B12903C003A9B73 /* MemesCollectionViewController.swift */ = {isa = PBXFileReference; fileEncoding = 4; lastKnownFileType = sourcecode.swift; path = MemesCollectionViewController.swift; sourceTree = "<group>"; };
		28B98F171B12A499003A9B73 /* MemeCollectionViewCell.swift */ = {isa = PBXFileReference; fileEncoding = 4; lastKnownFileType = sourcecode.swift; path = MemeCollectionViewCell.swift; sourceTree = "<group>"; };
		28B98F191B12B922003A9B73 /* MemeDetailViewController.swift */ = {isa = PBXFileReference; fileEncoding = 4; lastKnownFileType = sourcecode.swift; path = MemeDetailViewController.swift; sourceTree = "<group>"; };
		28FB70811C9C43FC0061870E /* MemeMe.xcdatamodel */ = {isa = PBXFileReference; lastKnownFileType = wrapper.xcdatamodel; path = MemeMe.xcdatamodel; sourceTree = "<group>"; };
		28FB70831C9C45810061870E /* ImageCache.swift */ = {isa = PBXFileReference; fileEncoding = 4; lastKnownFileType = sourcecode.swift; path = ImageCache.swift; sourceTree = "<group>"; };
/* End PBXFileReference section */

/* Begin PBXFrameworksBuildPhase section */
		28B98EE41B110F90003A9B73 /* Frameworks */ = {
			isa = PBXFrameworksBuildPhase;
			buildActionMask = 2147483647;
			files = (
			);
			runOnlyForDeploymentPostprocessing = 0;
		};
		28B98EF91B110F90003A9B73 /* Frameworks */ = {
			isa = PBXFrameworksBuildPhase;
			buildActionMask = 2147483647;
			files = (
			);
			runOnlyForDeploymentPostprocessing = 0;
		};
/* End PBXFrameworksBuildPhase section */

/* Begin PBXGroup section */
		286824ED1C96CDA300B11691 /* View */ = {
			isa = PBXGroup;
			children = (
				28B98F171B12A499003A9B73 /* MemeCollectionViewCell.swift */,
			);
			name = View;
			sourceTree = "<group>";
		};
		286824EE1C96CDA900B11691 /* Controller */ = {
			isa = PBXGroup;
			children = (
				28B98F191B12B922003A9B73 /* MemeDetailViewController.swift */,
				28B98F151B12903C003A9B73 /* MemesCollectionViewController.swift */,
				28B98F131B12691C003A9B73 /* MemesTableViewController.swift */,
				28B98EEE1B110F90003A9B73 /* MemeEditorViewController.swift */,
			);
			name = Controller;
			sourceTree = "<group>";
		};
		286824EF1C96CDB000B11691 /* Storyboards */ = {
			isa = PBXGroup;
			children = (
				28B98EF51B110F90003A9B73 /* LaunchScreen.xib */,
				28AFFC161C9DF199009C1F6C /* Main.storyboard */,
			);
			name = Storyboards;
			sourceTree = "<group>";
		};
		28B98EDE1B110F90003A9B73 = {
			isa = PBXGroup;
			children = (
				28B98EE91B110F90003A9B73 /* MemeMe */,
				28B98EFF1B110F90003A9B73 /* MemeMeTests */,
				28B98EE81B110F90003A9B73 /* Products */,
			);
			sourceTree = "<group>";
		};
		28B98EE81B110F90003A9B73 /* Products */ = {
			isa = PBXGroup;
			children = (
				28B98EE71B110F90003A9B73 /* MemeMe.app */,
				28B98EFC1B110F90003A9B73 /* MemeMe.xctest */,
			);
			name = Products;
			sourceTree = "<group>";
		};
		28B98EE91B110F90003A9B73 /* MemeMe */ = {
			isa = PBXGroup;
			children = (
				28B98EEC1B110F90003A9B73 /* AppDelegate.swift */,
				28B98F0E1B112872003A9B73 /* Model */,
				286824ED1C96CDA300B11691 /* View */,
				286824EE1C96CDA900B11691 /* Controller */,
				28B98EEA1B110F90003A9B73 /* Supporting Files */,
			);
			path = MemeMe;
			sourceTree = "<group>";
		};
		28B98EEA1B110F90003A9B73 /* Supporting Files */ = {
			isa = PBXGroup;
			children = (
				286824EF1C96CDB000B11691 /* Storyboards */,
				28B98EF31B110F90003A9B73 /* Images.xcassets */,
				28B98EEB1B110F90003A9B73 /* Info.plist */,
			);
			name = "Supporting Files";
			sourceTree = "<group>";
		};
		28B98EFF1B110F90003A9B73 /* MemeMeTests */ = {
			isa = PBXGroup;
			children = (
				28B98F021B110F90003A9B73 /* MemeMeTests.swift */,
				28B98F001B110F90003A9B73 /* Supporting Files */,
			);
			path = MemeMeTests;
			sourceTree = "<group>";
		};
		28B98F001B110F90003A9B73 /* Supporting Files */ = {
			isa = PBXGroup;
			children = (
				28B98F011B110F90003A9B73 /* Info.plist */,
			);
			name = "Supporting Files";
			sourceTree = "<group>";
		};
		28B98F0E1B112872003A9B73 /* Model */ = {
			isa = PBXGroup;
			children = (
				28FB70801C9C43FC0061870E /* MemeMe.xcdatamodeld */,
				281DF7371C9C51C300C942A4 /* CoreDataStackManager.swift */,
				28FB70831C9C45810061870E /* ImageCache.swift */,
				28B98F0C1B11286D003A9B73 /* Meme.swift */,
			);
			name = Model;
			sourceTree = "<group>";
		};
/* End PBXGroup section */

/* Begin PBXNativeTarget section */
		28B98EE61B110F90003A9B73 /* MemeMe */ = {
			isa = PBXNativeTarget;
			buildConfigurationList = 28B98F061B110F90003A9B73 /* Build configuration list for PBXNativeTarget "MemeMe" */;
			buildPhases = (
				28B98EE31B110F90003A9B73 /* Sources */,
				28B98EE41B110F90003A9B73 /* Frameworks */,
				28B98EE51B110F90003A9B73 /* Resources */,
			);
			buildRules = (
			);
			dependencies = (
			);
			name = MemeMe;
			productName = MemeMe;
			productReference = 28B98EE71B110F90003A9B73 /* MemeMe.app */;
			productType = "com.apple.product-type.application";
		};
		28B98EFB1B110F90003A9B73 /* MemeMeTests */ = {
			isa = PBXNativeTarget;
			buildConfigurationList = 28B98F091B110F90003A9B73 /* Build configuration list for PBXNativeTarget "MemeMeTests" */;
			buildPhases = (
				28B98EF81B110F90003A9B73 /* Sources */,
				28B98EF91B110F90003A9B73 /* Frameworks */,
				28B98EFA1B110F90003A9B73 /* Resources */,
			);
			buildRules = (
			);
			dependencies = (
				28B98EFE1B110F90003A9B73 /* PBXTargetDependency */,
			);
			name = MemeMeTests;
			productName = MemeMeTests;
			productReference = 28B98EFC1B110F90003A9B73 /* MemeMe.xctest */;
			productType = "com.apple.product-type.bundle.unit-test";
		};
/* End PBXNativeTarget section */

/* Begin PBXProject section */
		28B98EDF1B110F90003A9B73 /* Project object */ = {
			isa = PBXProject;
			attributes = {
				LastSwiftUpdateCheck = 0710;
				LastUpgradeCheck = 0720;
				ORGANIZATIONNAME = "Marcel Oliveira Alves";
				TargetAttributes = {
					28B98EE61B110F90003A9B73 = {
						CreatedOnToolsVersion = 6.3.1;
					};
					28B98EFB1B110F90003A9B73 = {
						CreatedOnToolsVersion = 6.3.1;
						TestTargetID = 28B98EE61B110F90003A9B73;
					};
				};
			};
			buildConfigurationList = 28B98EE21B110F90003A9B73 /* Build configuration list for PBXProject "MemeMe" */;
			compatibilityVersion = "Xcode 3.2";
			developmentRegion = English;
			hasScannedForEncodings = 0;
			knownRegions = (
				en,
				Base,
			);
			mainGroup = 28B98EDE1B110F90003A9B73;
			productRefGroup = 28B98EE81B110F90003A9B73 /* Products */;
			projectDirPath = "";
			projectRoot = "";
			targets = (
				28B98EE61B110F90003A9B73 /* MemeMe */,
				28B98EFB1B110F90003A9B73 /* MemeMeTests */,
			);
		};
/* End PBXProject section */

/* Begin PBXResourcesBuildPhase section */
		28B98EE51B110F90003A9B73 /* Resources */ = {
			isa = PBXResourcesBuildPhase;
			buildActionMask = 2147483647;
			files = (
				28AFFC171C9DF199009C1F6C /* Main.storyboard in Resources */,
				28B98EF71B110F90003A9B73 /* LaunchScreen.xib in Resources */,
				28B98EF41B110F90003A9B73 /* Images.xcassets in Resources */,
			);
			runOnlyForDeploymentPostprocessing = 0;
		};
		28B98EFA1B110F90003A9B73 /* Resources */ = {
			isa = PBXResourcesBuildPhase;
			buildActionMask = 2147483647;
			files = (
			);
			runOnlyForDeploymentPostprocessing = 0;
		};
/* End PBXResourcesBuildPhase section */

/* Begin PBXSourcesBuildPhase section */
		28B98EE31B110F90003A9B73 /* Sources */ = {
			isa = PBXSourcesBuildPhase;
			buildActionMask = 2147483647;
			files = (
				28B98F181B12A499003A9B73 /* MemeCollectionViewCell.swift in Sources */,
				28FB70821C9C43FC0061870E /* MemeMe.xcdatamodeld in Sources */,
				28B98F0D1B11286D003A9B73 /* Meme.swift in Sources */,
				281DF7381C9C51C300C942A4 /* CoreDataStackManager.swift in Sources */,
				28FB70841C9C45810061870E /* ImageCache.swift in Sources */,
				28B98EEF1B110F90003A9B73 /* MemeEditorViewController.swift in Sources */,
				28B98F1A1B12B922003A9B73 /* MemeDetailViewController.swift in Sources */,
				28B98F161B12903C003A9B73 /* MemesCollectionViewController.swift in Sources */,
				28B98F141B12691C003A9B73 /* MemesTableViewController.swift in Sources */,
				28B98EED1B110F90003A9B73 /* AppDelegate.swift in Sources */,
			);
			runOnlyForDeploymentPostprocessing = 0;
		};
		28B98EF81B110F90003A9B73 /* Sources */ = {
			isa = PBXSourcesBuildPhase;
			buildActionMask = 2147483647;
			files = (
				28B98F031B110F90003A9B73 /* MemeMeTests.swift in Sources */,
			);
			runOnlyForDeploymentPostprocessing = 0;
		};
/* End PBXSourcesBuildPhase section */

/* Begin PBXTargetDependency section */
		28B98EFE1B110F90003A9B73 /* PBXTargetDependency */ = {
			isa = PBXTargetDependency;
			target = 28B98EE61B110F90003A9B73 /* MemeMe */;
			targetProxy = 28B98EFD1B110F90003A9B73 /* PBXContainerItemProxy */;
		};
/* End PBXTargetDependency section */

/* Begin PBXVariantGroup section */
		28B98EF51B110F90003A9B73 /* LaunchScreen.xib */ = {
			isa = PBXVariantGroup;
			children = (
				28B98EF61B110F90003A9B73 /* Base */,
			);
			name = LaunchScreen.xib;
			sourceTree = "<group>";
		};
/* End PBXVariantGroup section */

/* Begin XCBuildConfiguration section */
		28B98F041B110F90003A9B73 /* Debug */ = {
			isa = XCBuildConfiguration;
			buildSettings = {
				ALWAYS_SEARCH_USER_PATHS = NO;
				CLANG_CXX_LANGUAGE_STANDARD = "gnu++0x";
				CLANG_CXX_LIBRARY = "libc++";
				CLANG_ENABLE_MODULES = YES;
				CLANG_ENABLE_OBJC_ARC = YES;
				CLANG_WARN_BOOL_CONVERSION = YES;
				CLANG_WARN_CONSTANT_CONVERSION = YES;
				CLANG_WARN_DIRECT_OBJC_ISA_USAGE = YES_ERROR;
				CLANG_WARN_EMPTY_BODY = YES;
				CLANG_WARN_ENUM_CONVERSION = YES;
				CLANG_WARN_INT_CONVERSION = YES;
				CLANG_WARN_OBJC_ROOT_CLASS = YES_ERROR;
				CLANG_WARN_UNREACHABLE_CODE = YES;
				CLANG_WARN__DUPLICATE_METHOD_MATCH = YES;
				"CODE_SIGN_IDENTITY[sdk=iphoneos*]" = "iPhone Developer";
				COPY_PHASE_STRIP = NO;
				DEBUG_INFORMATION_FORMAT = "dwarf-with-dsym";
				ENABLE_STRICT_OBJC_MSGSEND = YES;
				ENABLE_TESTABILITY = YES;
				GCC_C_LANGUAGE_STANDARD = gnu99;
				GCC_DYNAMIC_NO_PIC = NO;
				GCC_NO_COMMON_BLOCKS = YES;
				GCC_OPTIMIZATION_LEVEL = 0;
				GCC_PREPROCESSOR_DEFINITIONS = (
					"DEBUG=1",
					"$(inherited)",
				);
				GCC_SYMBOLS_PRIVATE_EXTERN = NO;
				GCC_WARN_64_TO_32_BIT_CONVERSION = YES;
				GCC_WARN_ABOUT_RETURN_TYPE = YES_ERROR;
				GCC_WARN_UNDECLARED_SELECTOR = YES;
				GCC_WARN_UNINITIALIZED_AUTOS = YES_AGGRESSIVE;
				GCC_WARN_UNUSED_FUNCTION = YES;
				GCC_WARN_UNUSED_VARIABLE = YES;
				IPHONEOS_DEPLOYMENT_TARGET = 8.3;
				MTL_ENABLE_DEBUG_INFO = YES;
				ONLY_ACTIVE_ARCH = YES;
				SDKROOT = iphoneos;
				SWIFT_OPTIMIZATION_LEVEL = "-Onone";
			};
			name = Debug;
		};
		28B98F051B110F90003A9B73 /* Release */ = {
			isa = XCBuildConfiguration;
			buildSettings = {
				ALWAYS_SEARCH_USER_PATHS = NO;
				CLANG_CXX_LANGUAGE_STANDARD = "gnu++0x";
				CLANG_CXX_LIBRARY = "libc++";
				CLANG_ENABLE_MODULES = YES;
				CLANG_ENABLE_OBJC_ARC = YES;
				CLANG_WARN_BOOL_CONVERSION = YES;
				CLANG_WARN_CONSTANT_CONVERSION = YES;
				CLANG_WARN_DIRECT_OBJC_ISA_USAGE = YES_ERROR;
				CLANG_WARN_EMPTY_BODY = YES;
				CLANG_WARN_ENUM_CONVERSION = YES;
				CLANG_WARN_INT_CONVERSION = YES;
				CLANG_WARN_OBJC_ROOT_CLASS = YES_ERROR;
				CLANG_WARN_UNREACHABLE_CODE = YES;
				CLANG_WARN__DUPLICATE_METHOD_MATCH = YES;
				"CODE_SIGN_IDENTITY[sdk=iphoneos*]" = "iPhone Developer";
				COPY_PHASE_STRIP = NO;
				DEBUG_INFORMATION_FORMAT = "dwarf-with-dsym";
				ENABLE_NS_ASSERTIONS = NO;
				ENABLE_STRICT_OBJC_MSGSEND = YES;
				GCC_C_LANGUAGE_STANDARD = gnu99;
				GCC_NO_COMMON_BLOCKS = YES;
				GCC_WARN_64_TO_32_BIT_CONVERSION = YES;
				GCC_WARN_ABOUT_RETURN_TYPE = YES_ERROR;
				GCC_WARN_UNDECLARED_SELECTOR = YES;
				GCC_WARN_UNINITIALIZED_AUTOS = YES_AGGRESSIVE;
				GCC_WARN_UNUSED_FUNCTION = YES;
				GCC_WARN_UNUSED_VARIABLE = YES;
				IPHONEOS_DEPLOYMENT_TARGET = 8.3;
				MTL_ENABLE_DEBUG_INFO = NO;
				SDKROOT = iphoneos;
				VALIDATE_PRODUCT = YES;
			};
			name = Release;
		};
		28B98F071B110F90003A9B73 /* Debug */ = {
			isa = XCBuildConfiguration;
			buildSettings = {
				ASSETCATALOG_COMPILER_APPICON_NAME = AppIcon;
				INFOPLIST_FILE = MemeMe/Info.plist;
				LD_RUNPATH_SEARCH_PATHS = "$(inherited) @executable_path/Frameworks";
				PRODUCT_BUNDLE_IDENTIFIER = "com.alvesmarcel.$(PRODUCT_NAME:rfc1034identifier)";
				PRODUCT_NAME = MemeMe;
			};
			name = Debug;
		};
		28B98F081B110F90003A9B73 /* Release */ = {
			isa = XCBuildConfiguration;
			buildSettings = {
				ASSETCATALOG_COMPILER_APPICON_NAME = AppIcon;
				INFOPLIST_FILE = MemeMe/Info.plist;
				LD_RUNPATH_SEARCH_PATHS = "$(inherited) @executable_path/Frameworks";
				PRODUCT_BUNDLE_IDENTIFIER = "com.alvesmarcel.$(PRODUCT_NAME:rfc1034identifier)";
				PRODUCT_NAME = MemeMe;
			};
			name = Release;
		};
		28B98F0A1B110F90003A9B73 /* Debug */ = {
			isa = XCBuildConfiguration;
			buildSettings = {
				BUNDLE_LOADER = "$(TEST_HOST)";
				FRAMEWORK_SEARCH_PATHS = "";
				GCC_PREPROCESSOR_DEFINITIONS = (
					"DEBUG=1",
					"$(inherited)",
				);
				INFOPLIST_FILE = MemeMeTests/Info.plist;
				LD_RUNPATH_SEARCH_PATHS = "";
				PRODUCT_BUNDLE_IDENTIFIER = "com.alvesmarcel.$(PRODUCT_NAME:rfc1034identifier)";
				PRODUCT_NAME = MemeMe;
				TEST_HOST = "$(BUILT_PRODUCTS_DIR)/MemeMe.app/MemeMe";
			};
			name = Debug;
		};
		28B98F0B1B110F90003A9B73 /* Release */ = {
			isa = XCBuildConfiguration;
			buildSettings = {
				BUNDLE_LOADER = "$(TEST_HOST)";
				FRAMEWORK_SEARCH_PATHS = "";
				INFOPLIST_FILE = MemeMeTests/Info.plist;
				LD_RUNPATH_SEARCH_PATHS = "";
				PRODUCT_BUNDLE_IDENTIFIER = "com.alvesmarcel.$(PRODUCT_NAME:rfc1034identifier)";
				PRODUCT_NAME = MemeMe;
				TEST_HOST = "$(BUILT_PRODUCTS_DIR)/MemeMe.app/MemeMe";
			};
			name = Release;
		};
/* End XCBuildConfiguration section */

/* Begin XCConfigurationList section */
		28B98EE21B110F90003A9B73 /* Build configuration list for PBXProject "MemeMe" */ = {
			isa = XCConfigurationList;
			buildConfigurations = (
				28B98F041B110F90003A9B73 /* Debug */,
				28B98F051B110F90003A9B73 /* Release */,
			);
			defaultConfigurationIsVisible = 0;
			defaultConfigurationName = Release;
		};
		28B98F061B110F90003A9B73 /* Build configuration list for PBXNativeTarget "MemeMe" */ = {
			isa = XCConfigurationList;
			buildConfigurations = (
				28B98F071B110F90003A9B73 /* Debug */,
				28B98F081B110F90003A9B73 /* Release */,
			);
			defaultConfigurationIsVisible = 0;
			defaultConfigurationName = Release;
		};
		28B98F091B110F90003A9B73 /* Build configuration list for PBXNativeTarget "MemeMeTests" */ = {
			isa = XCConfigurationList;
			buildConfigurations = (
				28B98F0A1B110F90003A9B73 /* Debug */,
				28B98F0B1B110F90003A9B73 /* Release */,
			);
			defaultConfigurationIsVisible = 0;
			defaultConfigurationName = Release;
		};
/* End XCConfigurationList section */

/* Begin XCVersionGroup section */
		28FB70801C9C43FC0061870E /* MemeMe.xcdatamodeld */ = {
			isa = XCVersionGroup;
			children = (
				28FB70811C9C43FC0061870E /* MemeMe.xcdatamodel */,
			);
			currentVersion = 28FB70811C9C43FC0061870E /* MemeMe.xcdatamodel */;
			path = MemeMe.xcdatamodeld;
			sourceTree = "<group>";
			versionGroupType = wrapper.xcdatamodel;
		};
/* End XCVersionGroup section */
	};
	rootObject = 28B98EDF1B110F90003A9B73 /* Project object */;
}
